
Microsoft Visual Studio Solution File, Format Version 12.00
# Visual Studio Version 16
VisualStudioVersion = 16.0.31624.102
MinimumVisualStudioVersion = 10.0.40219.1
Project("{FAE04EC0-301F-11D3-BF4B-00C04F79EFBC}") = "PracticeConsole", "PracticeConsole\PracticeConsole.csproj", "{95EA803A-C761-4D2C-8D17-4628A2579BBB}"
EndProject
Global
	GlobalSection(SolutionConfigurationPlatforms) = preSolution
		Debug|Any CPU = Debug|Any CPU
		Release|Any CPU = Release|Any CPU
	EndGlobalSection
	GlobalSection(ProjectConfigurationPlatforms) = postSolution
		{95EA803A-C761-4D2C-8D17-4628A2579BBB}.Debug|Any CPU.ActiveCfg = Debug|Any CPU
		{95EA803A-C761-4D2C-8D17-4628A2579BBB}.Debug|Any CPU.Build.0 = Debug|Any CPU
		{95EA803A-C761-4D2C-8D17-4628A2579BBB}.Release|Any CPU.ActiveCfg = Release|Any CPU
		{95EA803A-C761-4D2C-8D17-4628A2579BBB}.Release|Any CPU.Build.0 = Release|Any CPU
	EndGlobalSection
	GlobalSection(SolutionProperties) = preSolution
		HideSolutionNode = FALSE
	EndGlobalSection
	GlobalSection(ExtensibilityGlobals) = postSolution
		SolutionGuid = {870EF9CF-3997-4675-BA7C-5456E66D6410}
	EndGlobalSection
EndGlobal
