
Microsoft Visual Studio Solution File, Format Version 12.00
# Visual Studio Version 16
VisualStudioVersion = 16.0.31729.503
MinimumVisualStudioVersion = 10.0.40219.1
Project("{9A19103F-16F7-4668-BE54-9A1E7A4F7556}") = "WebApp", "WebApp\WebApp.csproj", "{5F5F93C9-F4C3-4E66-B172-EDFA1DC1F030}"
EndProject
Global
	GlobalSection(SolutionConfigurationPlatforms) = preSolution
		Debug|Any CPU = Debug|Any CPU
		Release|Any CPU = Release|Any CPU
	EndGlobalSection
	GlobalSection(ProjectConfigurationPlatforms) = postSolution
		{5F5F93C9-F4C3-4E66-B172-EDFA1DC1F030}.Debug|Any CPU.ActiveCfg = Debug|Any CPU
		{5F5F93C9-F4C3-4E66-B172-EDFA1DC1F030}.Debug|Any CPU.Build.0 = Debug|Any CPU
		{5F5F93C9-F4C3-4E66-B172-EDFA1DC1F030}.Release|Any CPU.ActiveCfg = Release|Any CPU
		{5F5F93C9-F4C3-4E66-B172-EDFA1DC1F030}.Release|Any CPU.Build.0 = Release|Any CPU
	EndGlobalSection
	GlobalSection(SolutionProperties) = preSolution
		HideSolutionNode = FALSE
	EndGlobalSection
	GlobalSection(ExtensibilityGlobals) = postSolution
		SolutionGuid = {69349029-0AFB-4528-B1EC-E9F44079ADED}
	EndGlobalSection
EndGlobal
